
Microsoft Visual Studio Solution File, Format Version 11.00
# Visual Studio 2010
Project("{FAE04EC0-301F-11D3-BF4B-00C04F79EFBC}") = "real_estate _project", "Assembly-CSharp.csproj", "{89B9882F-1A74-7246-8FB8-D7A80E29ED3C}"
EndProject
Project("{FAE04EC0-301F-11D3-BF4B-00C04F79EFBC}") = "real_estate _project", "Assembly-CSharp-Editor.csproj", "{0397A010-7A67-7D3A-F405-58706F47E342}"
EndProject
Global
	GlobalSection(SolutionConfigurationPlatforms) = preSolution
		Debug|Any CPU = Debug|Any CPU
		Release|Any CPU = Release|Any CPU
	EndGlobalSection
	GlobalSection(ProjectConfigurationPlatforms) = postSolution
		{89B9882F-1A74-7246-8FB8-D7A80E29ED3C}.Debug|Any CPU.ActiveCfg = Debug|Any CPU
		{89B9882F-1A74-7246-8FB8-D7A80E29ED3C}.Debug|Any CPU.Build.0 = Debug|Any CPU
		{89B9882F-1A74-7246-8FB8-D7A80E29ED3C}.Release|Any CPU.ActiveCfg = Release|Any CPU
		{89B9882F-1A74-7246-8FB8-D7A80E29ED3C}.Release|Any CPU.Build.0 = Release|Any CPU
		{0397A010-7A67-7D3A-F405-58706F47E342}.Debug|Any CPU.ActiveCfg = Debug|Any CPU
		{0397A010-7A67-7D3A-F405-58706F47E342}.Debug|Any CPU.Build.0 = Debug|Any CPU
		{0397A010-7A67-7D3A-F405-58706F47E342}.Release|Any CPU.ActiveCfg = Release|Any CPU
		{0397A010-7A67-7D3A-F405-58706F47E342}.Release|Any CPU.Build.0 = Release|Any CPU
	EndGlobalSection
	GlobalSection(SolutionProperties) = preSolution
		HideSolutionNode = FALSE
	EndGlobalSection
	GlobalSection(MonoDevelopProperties) = preSolution
		StartupItem = Assembly-CSharp.csproj
	EndGlobalSection
EndGlobal
